
Microsoft Visual Studio Solution File, Format Version 12.00
# Visual Studio Version 17
VisualStudioVersion = 17.14.36930.0 d17.14
MinimumVisualStudioVersion = 10.0.40219.1
Project("{FAE04EC0-301F-11D3-BF4B-00C04F79EFBC}") = "GestionFerias_CTPINVU", "GestionFerias_CTPINVU.csproj", "{A377D20B-804A-4808-9E07-497D895EE651}"
EndProject
Global
	GlobalSection(SolutionConfigurationPlatforms) = preSolution
		Debug|Any CPU = Debug|Any CPU
		Release|Any CPU = Release|Any CPU
	EndGlobalSection
	GlobalSection(ProjectConfigurationPlatforms) = postSolution
		{A377D20B-804A-4808-9E07-497D895EE651}.Debug|Any CPU.ActiveCfg = Debug|Any CPU
		{A377D20B-804A-4808-9E07-497D895EE651}.Debug|Any CPU.Build.0 = Debug|Any CPU
		{A377D20B-804A-4808-9E07-497D895EE651}.Release|Any CPU.ActiveCfg = Release|Any CPU
		{A377D20B-804A-4808-9E07-497D895EE651}.Release|Any CPU.Build.0 = Release|Any CPU
	EndGlobalSection
	GlobalSection(SolutionProperties) = preSolution
		HideSolutionNode = FALSE
	EndGlobalSection
	GlobalSection(ExtensibilityGlobals) = postSolution
		SolutionGuid = {9A1265FC-C264-41CE-BCF8-93521C1083FC}
	EndGlobalSection
EndGlobal
